<?xml version="1.0" encoding="UTF-8" standalone="yes" ?>
<CodeBlocks_project_file>
	<FileVersion major="1" minor="6" />
	<Project>
		<Option title="CrossWords" />
		<Option makefile="makefile" />
		<Option pch_mode="2" />
		<Option compiler="gcc" />
		<Build>
			<Target title="Debug">
				<Option output="bin/Debug/CrossWords" prefix_auto="1" extension_auto="1" />
				<Option object_output="obj/Debug/" />
				<Option type="1" />
				<Option compiler="gcc" />
				<Compiler>
					<Add option="-g" />
				</Compiler>
			</Target>
			<Target title="Release">
				<Option output="bin/Release/CrossWords" prefix_auto="1" extension_auto="1" />
				<Option object_output="obj/Release/" />
				<Option type="1" />
				<Option compiler="gcc" />
				<Compiler>
					<Add option="-O2" />
				</Compiler>
				<Linker>
					<Add option="-s" />
				</Linker>
			</Target>
		</Build>
		<Compiler>
			<Add option="-Wall" />
			<Add option="-fexceptions" />
		</Compiler>
		<Unit filename="NewCrossWord.cpp" />
		<Unit filename="backup.txt" />
		<Unit filename="resources/grid-11x11.txt" />
		<Unit filename="resources/grid-15x15.txt" />
		<Unit filename="resources/grid-25x25.txt" />
		<Unit filename="resources/grid-7x7.txt" />
		<Unit filename="resources/grid-teste-2.txt" />
		<Unit filename="resources/grid-teste.txt" />
		<Unit filename="resources/palavras.txt" />
		<Unit filename="resources/teste.txt" />
		<Unit filename="resources/teste2.txt" />
		<Extensions>
			<lib_finder disable_auto="1" />
		</Extensions>
	</Project>
</CodeBlocks_project_file>
